
Microsoft Visual Studio Solution File, Format Version 12.00
# Visual Studio Version 16
VisualStudioVersion = 16.0.30523.141
MinimumVisualStudioVersion = 10.0.40219.1
Project("{FAE04EC0-301F-11D3-BF4B-00C04F79EFBC}") = "LamquenASp", "LamquenASp.csproj", "{EE58ADAD-0BB0-4D44-88A5-90D748D7BFA3}"
EndProject
Global
	GlobalSection(SolutionConfigurationPlatforms) = preSolution
		Debug|Any CPU = Debug|Any CPU
		Release|Any CPU = Release|Any CPU
	EndGlobalSection
	GlobalSection(ProjectConfigurationPlatforms) = postSolution
		{EE58ADAD-0BB0-4D44-88A5-90D748D7BFA3}.Debug|Any CPU.ActiveCfg = Debug|Any CPU
		{EE58ADAD-0BB0-4D44-88A5-90D748D7BFA3}.Debug|Any CPU.Build.0 = Debug|Any CPU
		{EE58ADAD-0BB0-4D44-88A5-90D748D7BFA3}.Release|Any CPU.ActiveCfg = Release|Any CPU
		{EE58ADAD-0BB0-4D44-88A5-90D748D7BFA3}.Release|Any CPU.Build.0 = Release|Any CPU
	EndGlobalSection
	GlobalSection(SolutionProperties) = preSolution
		HideSolutionNode = FALSE
	EndGlobalSection
	GlobalSection(ExtensibilityGlobals) = postSolution
		SolutionGuid = {044116A5-1DB8-468B-B659-297DB33F5996}
	EndGlobalSection
EndGlobal
